
Microsoft Visual Studio Solution File, Format Version 12.00
# Visual Studio Version 17
VisualStudioVersion = 17.11.35219.272
MinimumVisualStudioVersion = 10.0.40219.1
Project("{FAE04EC0-301F-11D3-BF4B-00C04F79EFBC}") = "Smart Home App", "Smart Home App\Smart Home App.csproj", "{AF9913EE-B8F3-43B8-BDCE-77658F3D2EFE}"
EndProject
Global
	GlobalSection(SolutionConfigurationPlatforms) = preSolution
		Debug|Any CPU = Debug|Any CPU
		Release|Any CPU = Release|Any CPU
	EndGlobalSection
	GlobalSection(ProjectConfigurationPlatforms) = postSolution
		{AF9913EE-B8F3-43B8-BDCE-77658F3D2EFE}.Debug|Any CPU.ActiveCfg = Debug|Any CPU
		{AF9913EE-B8F3-43B8-BDCE-77658F3D2EFE}.Debug|Any CPU.Build.0 = Debug|Any CPU
		{AF9913EE-B8F3-43B8-BDCE-77658F3D2EFE}.Release|Any CPU.ActiveCfg = Release|Any CPU
		{AF9913EE-B8F3-43B8-BDCE-77658F3D2EFE}.Release|Any CPU.Build.0 = Release|Any CPU
	EndGlobalSection
	GlobalSection(SolutionProperties) = preSolution
		HideSolutionNode = FALSE
	EndGlobalSection
	GlobalSection(ExtensibilityGlobals) = postSolution
		SolutionGuid = {4DD3EBDD-22C6-4C7D-B25A-25F4294E6FBA}
	EndGlobalSection
EndGlobal
